
Microsoft Visual Studio Solution File, Format Version 12.00
# Visual Studio Version 17
VisualStudioVersion = 17.0.31903.59
MinimumVisualStudioVersion = 10.0.40219.1
Project("{2150E333-8FDC-42A3-9474-1A3956D46DE8}") = "src", "src", "{827E0CD3-B72D-47B6-A68D-7590B98EB39B}"
EndProject
Project("{FAE04EC0-301F-11D3-BF4B-00C04F79EFBC}") = "MCPhoto.App", "src\MCPhoto.App\MCPhoto.App.csproj", "{3F4ED828-F0F0-4E33-99FA-C620B9918092}"
EndProject
Project("{FAE04EC0-301F-11D3-BF4B-00C04F79EFBC}") = "MCPhoto.Core", "src\MCPhoto.Core\MCPhoto.Core.csproj", "{8FDE526C-EF6F-4EA7-AA5D-33622A613A30}"
EndProject
Project("{FAE04EC0-301F-11D3-BF4B-00C04F79EFBC}") = "MCPhoto.Capture", "src\MCPhoto.Capture\MCPhoto.Capture.csproj", "{BEE49F81-DBCB-4C59-B2E6-5C3D11632A41}"
EndProject
Project("{FAE04EC0-301F-11D3-BF4B-00C04F79EFBC}") = "MCPhoto.Tests", "tests\MCPhoto.Tests\MCPhoto.Tests.csproj", "{89A81D8C-43E3-44AE-9F69-29A5167ACAEE}"
EndProject
Project("{FAE04EC0-301F-11D3-BF4B-00C04F79EFBC}") = "MCPhoto.Http", "src\MCPhoto.Http\MCPhoto.Http.csproj", "{4BA148B8-56A3-4578-A43F-946D6EBE749F}"
EndProject
Project("{FAE04EC0-301F-11D3-BF4B-00C04F79EFBC}") = "MCPhoto.Devices.Nikon", "src\MCPhoto.Devices.Nikon\MCPhoto.Devices.Nikon.csproj", "{8357A34F-4DF9-4212-BD48-0CB0F2D38CD8}"
EndProject
Global
	GlobalSection(SolutionConfigurationPlatforms) = preSolution
		Debug|Any CPU = Debug|Any CPU
		Debug|x64 = Debug|x64
		Debug|x86 = Debug|x86
		Release|Any CPU = Release|Any CPU
		Release|x64 = Release|x64
		Release|x86 = Release|x86
	EndGlobalSection
	GlobalSection(ProjectConfigurationPlatforms) = postSolution
		{3F4ED828-F0F0-4E33-99FA-C620B9918092}.Debug|Any CPU.ActiveCfg = Debug|Any CPU
		{3F4ED828-F0F0-4E33-99FA-C620B9918092}.Debug|Any CPU.Build.0 = Debug|Any CPU
		{3F4ED828-F0F0-4E33-99FA-C620B9918092}.Debug|x64.ActiveCfg = Debug|Any CPU
		{3F4ED828-F0F0-4E33-99FA-C620B9918092}.Debug|x64.Build.0 = Debug|Any CPU
		{3F4ED828-F0F0-4E33-99FA-C620B9918092}.Debug|x86.ActiveCfg = Debug|Any CPU
		{3F4ED828-F0F0-4E33-99FA-C620B9918092}.Debug|x86.Build.0 = Debug|Any CPU
		{3F4ED828-F0F0-4E33-99FA-C620B9918092}.Release|Any CPU.ActiveCfg = Release|Any CPU
		{3F4ED828-F0F0-4E33-99FA-C620B9918092}.Release|Any CPU.Build.0 = Release|Any CPU
		{3F4ED828-F0F0-4E33-99FA-C620B9918092}.Release|x64.ActiveCfg = Release|Any CPU
		{3F4ED828-F0F0-4E33-99FA-C620B9918092}.Release|x64.Build.0 = Release|Any CPU
		{3F4ED828-F0F0-4E33-99FA-C620B9918092}.Release|x86.ActiveCfg = Release|Any CPU
		{3F4ED828-F0F0-4E33-99FA-C620B9918092}.Release|x86.Build.0 = Release|Any CPU
		{8FDE526C-EF6F-4EA7-AA5D-33622A613A30}.Debug|Any CPU.ActiveCfg = Debug|Any CPU
		{8FDE526C-EF6F-4EA7-AA5D-33622A613A30}.Debug|Any CPU.Build.0 = Debug|Any CPU
		{8FDE526C-EF6F-4EA7-AA5D-33622A613A30}.Debug|x64.ActiveCfg = Debug|Any CPU
		{8FDE526C-EF6F-4EA7-AA5D-33622A613A30}.Debug|x64.Build.0 = Debug|Any CPU
		{8FDE526C-EF6F-4EA7-AA5D-33622A613A30}.Debug|x86.ActiveCfg = Debug|Any CPU
		{8FDE526C-EF6F-4EA7-AA5D-33622A613A30}.Debug|x86.Build.0 = Debug|Any CPU
		{8FDE526C-EF6F-4EA7-AA5D-33622A613A30}.Release|Any CPU.ActiveCfg = Release|Any CPU
		{8FDE526C-EF6F-4EA7-AA5D-33622A613A30}.Release|Any CPU.Build.0 = Release|Any CPU
		{8FDE526C-EF6F-4EA7-AA5D-33622A613A30}.Release|x64.ActiveCfg = Release|Any CPU
		{8FDE526C-EF6F-4EA7-AA5D-33622A613A30}.Release|x64.Build.0 = Release|Any CPU
		{8FDE526C-EF6F-4EA7-AA5D-33622A613A30}.Release|x86.ActiveCfg = Release|Any CPU
		{8FDE526C-EF6F-4EA7-AA5D-33622A613A30}.Release|x86.Build.0 = Release|Any CPU
		{BEE49F81-DBCB-4C59-B2E6-5C3D11632A41}.Debug|Any CPU.ActiveCfg = Debug|Any CPU
		{BEE49F81-DBCB-4C59-B2E6-5C3D11632A41}.Debug|Any CPU.Build.0 = Debug|Any CPU
		{BEE49F81-DBCB-4C59-B2E6-5C3D11632A41}.Debug|x64.ActiveCfg = Debug|Any CPU
		{BEE49F81-DBCB-4C59-B2E6-5C3D11632A41}.Debug|x64.Build.0 = Debug|Any CPU
		{BEE49F81-DBCB-4C59-B2E6-5C3D11632A41}.Debug|x86.ActiveCfg = Debug|Any CPU
		{BEE49F81-DBCB-4C59-B2E6-5C3D11632A41}.Debug|x86.Build.0 = Debug|Any CPU
		{BEE49F81-DBCB-4C59-B2E6-5C3D11632A41}.Release|Any CPU.ActiveCfg = Release|Any CPU
		{BEE49F81-DBCB-4C59-B2E6-5C3D11632A41}.Release|Any CPU.Build.0 = Release|Any CPU
		{BEE49F81-DBCB-4C59-B2E6-5C3D11632A41}.Release|x64.ActiveCfg = Release|Any CPU
		{BEE49F81-DBCB-4C59-B2E6-5C3D11632A41}.Release|x64.Build.0 = Release|Any CPU
		{BEE49F81-DBCB-4C59-B2E6-5C3D11632A41}.Release|x86.ActiveCfg = Release|Any CPU
		{BEE49F81-DBCB-4C59-B2E6-5C3D11632A41}.Release|x86.Build.0 = Release|Any CPU
		{89A81D8C-43E3-44AE-9F69-29A5167ACAEE}.Debug|Any CPU.ActiveCfg = Debug|Any CPU
		{89A81D8C-43E3-44AE-9F69-29A5167ACAEE}.Debug|Any CPU.Build.0 = Debug|Any CPU
		{89A81D8C-43E3-44AE-9F69-29A5167ACAEE}.Debug|x64.ActiveCfg = Debug|Any CPU
		{89A81D8C-43E3-44AE-9F69-29A5167ACAEE}.Debug|x64.Build.0 = Debug|Any CPU
		{89A81D8C-43E3-44AE-9F69-29A5167ACAEE}.Debug|x86.ActiveCfg = Debug|Any CPU
		{89A81D8C-43E3-44AE-9F69-29A5167ACAEE}.Debug|x86.Build.0 = Debug|Any CPU
		{89A81D8C-43E3-44AE-9F69-29A5167ACAEE}.Release|Any CPU.ActiveCfg = Release|Any CPU
		{89A81D8C-43E3-44AE-9F69-29A5167ACAEE}.Release|Any CPU.Build.0 = Release|Any CPU
		{89A81D8C-43E3-44AE-9F69-29A5167ACAEE}.Release|x64.ActiveCfg = Release|Any CPU
		{89A81D8C-43E3-44AE-9F69-29A5167ACAEE}.Release|x64.Build.0 = Release|Any CPU
		{89A81D8C-43E3-44AE-9F69-29A5167ACAEE}.Release|x86.ActiveCfg = Release|Any CPU
		{89A81D8C-43E3-44AE-9F69-29A5167ACAEE}.Release|x86.Build.0 = Release|Any CPU
		{4BA148B8-56A3-4578-A43F-946D6EBE749F}.Debug|Any CPU.ActiveCfg = Debug|Any CPU
		{4BA148B8-56A3-4578-A43F-946D6EBE749F}.Debug|Any CPU.Build.0 = Debug|Any CPU
		{4BA148B8-56A3-4578-A43F-946D6EBE749F}.Debug|x64.ActiveCfg = Debug|Any CPU
		{4BA148B8-56A3-4578-A43F-946D6EBE749F}.Debug|x64.Build.0 = Debug|Any CPU
		{4BA148B8-56A3-4578-A43F-946D6EBE749F}.Debug|x86.ActiveCfg = Debug|Any CPU
		{4BA148B8-56A3-4578-A43F-946D6EBE749F}.Debug|x86.Build.0 = Debug|Any CPU
		{4BA148B8-56A3-4578-A43F-946D6EBE749F}.Release|Any CPU.ActiveCfg = Release|Any CPU
		{4BA148B8-56A3-4578-A43F-946D6EBE749F}.Release|Any CPU.Build.0 = Release|Any CPU
		{4BA148B8-56A3-4578-A43F-946D6EBE749F}.Release|x64.ActiveCfg = Release|Any CPU
		{4BA148B8-56A3-4578-A43F-946D6EBE749F}.Release|x64.Build.0 = Release|Any CPU
		{4BA148B8-56A3-4578-A43F-946D6EBE749F}.Release|x86.ActiveCfg = Release|Any CPU
		{4BA148B8-56A3-4578-A43F-946D6EBE749F}.Release|x86.Build.0 = Release|Any CPU
		{8357A34F-4DF9-4212-BD48-0CB0F2D38CD8}.Debug|Any CPU.ActiveCfg = Debug|Any CPU
		{8357A34F-4DF9-4212-BD48-0CB0F2D38CD8}.Debug|Any CPU.Build.0 = Debug|Any CPU
		{8357A34F-4DF9-4212-BD48-0CB0F2D38CD8}.Debug|x64.ActiveCfg = Debug|Any CPU
		{8357A34F-4DF9-4212-BD48-0CB0F2D38CD8}.Debug|x64.Build.0 = Debug|Any CPU
		{8357A34F-4DF9-4212-BD48-0CB0F2D38CD8}.Debug|x86.ActiveCfg = Debug|Any CPU
		{8357A34F-4DF9-4212-BD48-0CB0F2D38CD8}.Debug|x86.Build.0 = Debug|Any CPU
		{8357A34F-4DF9-4212-BD48-0CB0F2D38CD8}.Release|Any CPU.ActiveCfg = Release|Any CPU
		{8357A34F-4DF9-4212-BD48-0CB0F2D38CD8}.Release|Any CPU.Build.0 = Release|Any CPU
		{8357A34F-4DF9-4212-BD48-0CB0F2D38CD8}.Release|x64.ActiveCfg = Release|Any CPU
		{8357A34F-4DF9-4212-BD48-0CB0F2D38CD8}.Release|x64.Build.0 = Release|Any CPU
		{8357A34F-4DF9-4212-BD48-0CB0F2D38CD8}.Release|x86.ActiveCfg = Release|Any CPU
		{8357A34F-4DF9-4212-BD48-0CB0F2D38CD8}.Release|x86.Build.0 = Release|Any CPU
	EndGlobalSection
	GlobalSection(SolutionProperties) = preSolution
		HideSolutionNode = FALSE
	EndGlobalSection
	GlobalSection(NestedProjects) = preSolution
		{3F4ED828-F0F0-4E33-99FA-C620B9918092} = {827E0CD3-B72D-47B6-A68D-7590B98EB39B}
		{8FDE526C-EF6F-4EA7-AA5D-33622A613A30} = {827E0CD3-B72D-47B6-A68D-7590B98EB39B}
		{BEE49F81-DBCB-4C59-B2E6-5C3D11632A41} = {827E0CD3-B72D-47B6-A68D-7590B98EB39B}
		{89A81D8C-43E3-44AE-9F69-29A5167ACAEE} = {827E0CD3-B72D-47B6-A68D-7590B98EB39B}
		{4BA148B8-56A3-4578-A43F-946D6EBE749F} = {827E0CD3-B72D-47B6-A68D-7590B98EB39B}
		{8357A34F-4DF9-4212-BD48-0CB0F2D38CD8} = {827E0CD3-B72D-47B6-A68D-7590B98EB39B}
	EndGlobalSection
EndGlobal
